
Microsoft Visual Studio Solution File, Format Version 12.00
Project("{FAE04EC0-301F-11D3-BF4B-00C04F79EFBC}") = "Ground.Core", "Ground\Ground.Core\Ground.Core.csproj", "{AA06A7DD-3745-4C29-9327-D56B3C3FE4F5}"
EndProject
Project("{FAE04EC0-301F-11D3-BF4B-00C04F79EFBC}") = "Groun.App", "Ground\Groun.App\Groun.App.csproj", "{D33D1669-FAB4-49FF-8F56-7BBBFD6AB17D}"
EndProject
Project("{2150E333-8FDC-42A3-9474-1A3956D46DE8}") = "Share", "Share", "{1B2415B3-1E92-4387-A1C6-F12F21C7E4E3}"
EndProject
Project("{FAE04EC0-301F-11D3-BF4B-00C04F79EFBC}") = "Ground.Share.Lib", "Ground\Ground.Share.Lib\Ground.Share.Lib.csproj", "{B4FA95CD-9DA5-4C73-9E85-B2B46D5AAC5E}"
EndProject
Project("{2150E333-8FDC-42A3-9474-1A3956D46DE8}") = "Left", "Left", "{F1AE5F4E-BA38-44A9-BAEF-262E8C095003}"
EndProject
Project("{FAE04EC0-301F-11D3-BF4B-00C04F79EFBC}") = "Ground.Web", "Ground\Ground.Web\Ground.Web.csproj", "{DF6FC198-2D44-467C-8471-19B26987186E}"
EndProject
Project("{FAE04EC0-301F-11D3-BF4B-00C04F79EFBC}") = "Ground.Grpc", "Ground\Ground.Grpc\Ground.Grpc.csproj", "{F2EC5EAA-7E2F-4682-9A3B-33F76E6F39DC}"
EndProject
Project("{FAE04EC0-301F-11D3-BF4B-00C04F79EFBC}") = "Ground.Share.Plugin", "Ground\Ground.Share.Plugin\Ground.Share.Plugin.csproj", "{F35C6530-DD4C-4AFC-B12E-8B32FD6843EC}"
EndProject
Project("{FAE04EC0-301F-11D3-BF4B-00C04F79EFBC}") = "Ground.Share.Utils", "Ground\Ground.Share.Utils\Ground.Share.Utils.csproj", "{FFA8354D-1317-49AE-B6F4-4CFAF4713666}"
EndProject
Project("{2150E333-8FDC-42A3-9474-1A3956D46DE8}") = "Right", "Right", "{18AB91DF-CEDF-4FA2-915C-E54B8021C79D}"
EndProject
Project("{FAE04EC0-301F-11D3-BF4B-00C04F79EFBC}") = "Ground.Store", "Ground\Ground.Store\Ground.Store.csproj", "{FE2AFD03-760D-4C12-89B6-5CA5C320DBBC}"
EndProject
Project("{FAE04EC0-301F-11D3-BF4B-00C04F79EFBC}") = "Ground.Store.Db", "Ground\Ground.Store.Db\Ground.Store.Db.csproj", "{8DCCC4D1-F021-43E1-8CCB-213B2FE8C39A}"
EndProject
Project("{FAE04EC0-301F-11D3-BF4B-00C04F79EFBC}") = "Ground.Store.FileStore", "Ground\Ground.Store.FileStore\Ground.Store.FileStore.csproj", "{F640278A-A021-4429-8841-73BE2C603BCD}"
EndProject
Project("{2150E333-8FDC-42A3-9474-1A3956D46DE8}") = "Plugin", "Plugin", "{71651C83-ACFB-405A-9927-D0611E8C887C}"
EndProject
Project("{2150E333-8FDC-42A3-9474-1A3956D46DE8}") = "Mid", "Mid", "{54782406-F692-4D0C-9CFF-8557A24DDF07}"
EndProject
Project("{FAE04EC0-301F-11D3-BF4B-00C04F79EFBC}") = "Ground.Core.Left", "Ground\Ground.Core.Left\Ground.Core.Left.csproj", "{A8DEDDF2-81FB-466D-8522-7A493349C9B8}"
EndProject
Project("{FAE04EC0-301F-11D3-BF4B-00C04F79EFBC}") = "Ground.Core.Right", "Ground\Ground.Core.Right\Ground.Core.Right.csproj", "{E9E03866-69FF-4A70-A64B-E1056B1A9D16}"
EndProject
Project("{FAE04EC0-301F-11D3-BF4B-00C04F79EFBC}") = "Ground.Core.Reload", "Ground\Ground.Core.Reload\Ground.Core.Reload.csproj", "{F766AD48-6838-4ABE-9A49-263AE6C32FA9}"
EndProject
Project("{FAE04EC0-301F-11D3-BF4B-00C04F79EFBC}") = "Ground.Core.Mediator", "Ground\Ground.Core.Mediator\Ground.Core.Mediator.csproj", "{C0C267E9-ACB1-4602-A9C6-8D832B2B6A8E}"
EndProject
Project("{FAE04EC0-301F-11D3-BF4B-00C04F79EFBC}") = "Ground.Mapper", "Ground\Ground.Mapper\Ground.Mapper.csproj", "{ECFCF318-1ECD-4EA9-B513-176A7507D40B}"
EndProject
Project("{FAE04EC0-301F-11D3-BF4B-00C04F79EFBC}") = "Ground.Poco", "Ground\Ground.Poco\Ground.Poco.csproj", "{E31D31A9-6F1A-4752-B6FA-80321C70E90D}"
EndProject
Project("{FAE04EC0-301F-11D3-BF4B-00C04F79EFBC}") = "Mdele.Plugin.Default.Email", "Plugin\Mdele.Plugin.Default.Email\Mdele.Plugin.Default.Email.csproj", "{891461C5-ADF5-48D4-B8AB-B50E058AC423}"
EndProject
Project("{FAE04EC0-301F-11D3-BF4B-00C04F79EFBC}") = "Mdele.Plugin.Default.GrpcHandling", "Plugin\Mdele.Plugin.Default.GrpcHandling\Mdele.Plugin.Default.GrpcHandling.csproj", "{C46B9E16-EC8A-4CEE-A30F-9E3ACE253315}"
EndProject
Project("{FAE04EC0-301F-11D3-BF4B-00C04F79EFBC}") = "Mdele.Plugin.Default.WebHandling", "Plugin\Mdele.Plugin.Default.WebHandling\Mdele.Plugin.Default.WebHandling.csproj", "{777EDFB9-7606-41A0-AC8C-4418078A83DE}"
EndProject
Project("{FAE04EC0-301F-11D3-BF4B-00C04F79EFBC}") = "Ground.Repository", "Ground\Ground.Repository\Ground.Repository.csproj", "{8618404E-6A6C-4AF6-B854-BFF494E20347}"
EndProject
Project("{FAE04EC0-301F-11D3-BF4B-00C04F79EFBC}") = "Ground.Mail", "Ground\Ground.Mail\Ground.Mail.csproj", "{485FF346-BC5D-494B-8A0F-29B8B0A61C01}"
EndProject
Project("{FAE04EC0-301F-11D3-BF4B-00C04F79EFBC}") = "Ground.Share.Kernel", "Ground.Share.Kernel\Ground.Share.Kernel.csproj", "{3913A45F-C3F4-4A7A-B898-658F4D8DC1D3}"
EndProject
Project("{2150E333-8FDC-42A3-9474-1A3956D46DE8}") = "Test", "Test", "{F644B09D-132A-4D7C-8A83-2E0D1F234E21}"
EndProject
Project("{FAE04EC0-301F-11D3-BF4B-00C04F79EFBC}") = "Ground.App.Test", "Ground\Ground.App.Test\Ground.App.Test.csproj", "{9F1248C2-7C69-4A51-A409-CB9020713A11}"
EndProject
Global
	GlobalSection(SolutionConfigurationPlatforms) = preSolution
		Debug|Any CPU = Debug|Any CPU
		Release|Any CPU = Release|Any CPU
	EndGlobalSection
	GlobalSection(ProjectConfigurationPlatforms) = postSolution
		{AA06A7DD-3745-4C29-9327-D56B3C3FE4F5}.Debug|Any CPU.ActiveCfg = Debug|Any CPU
		{AA06A7DD-3745-4C29-9327-D56B3C3FE4F5}.Debug|Any CPU.Build.0 = Debug|Any CPU
		{AA06A7DD-3745-4C29-9327-D56B3C3FE4F5}.Release|Any CPU.ActiveCfg = Release|Any CPU
		{AA06A7DD-3745-4C29-9327-D56B3C3FE4F5}.Release|Any CPU.Build.0 = Release|Any CPU
		{D33D1669-FAB4-49FF-8F56-7BBBFD6AB17D}.Debug|Any CPU.ActiveCfg = Debug|Any CPU
		{D33D1669-FAB4-49FF-8F56-7BBBFD6AB17D}.Debug|Any CPU.Build.0 = Debug|Any CPU
		{D33D1669-FAB4-49FF-8F56-7BBBFD6AB17D}.Release|Any CPU.ActiveCfg = Release|Any CPU
		{D33D1669-FAB4-49FF-8F56-7BBBFD6AB17D}.Release|Any CPU.Build.0 = Release|Any CPU
		{B4FA95CD-9DA5-4C73-9E85-B2B46D5AAC5E}.Debug|Any CPU.ActiveCfg = Debug|Any CPU
		{B4FA95CD-9DA5-4C73-9E85-B2B46D5AAC5E}.Debug|Any CPU.Build.0 = Debug|Any CPU
		{B4FA95CD-9DA5-4C73-9E85-B2B46D5AAC5E}.Release|Any CPU.ActiveCfg = Release|Any CPU
		{B4FA95CD-9DA5-4C73-9E85-B2B46D5AAC5E}.Release|Any CPU.Build.0 = Release|Any CPU
		{DF6FC198-2D44-467C-8471-19B26987186E}.Debug|Any CPU.ActiveCfg = Debug|Any CPU
		{DF6FC198-2D44-467C-8471-19B26987186E}.Debug|Any CPU.Build.0 = Debug|Any CPU
		{DF6FC198-2D44-467C-8471-19B26987186E}.Release|Any CPU.ActiveCfg = Release|Any CPU
		{DF6FC198-2D44-467C-8471-19B26987186E}.Release|Any CPU.Build.0 = Release|Any CPU
		{F2EC5EAA-7E2F-4682-9A3B-33F76E6F39DC}.Debug|Any CPU.ActiveCfg = Debug|Any CPU
		{F2EC5EAA-7E2F-4682-9A3B-33F76E6F39DC}.Debug|Any CPU.Build.0 = Debug|Any CPU
		{F2EC5EAA-7E2F-4682-9A3B-33F76E6F39DC}.Release|Any CPU.ActiveCfg = Release|Any CPU
		{F2EC5EAA-7E2F-4682-9A3B-33F76E6F39DC}.Release|Any CPU.Build.0 = Release|Any CPU
		{F35C6530-DD4C-4AFC-B12E-8B32FD6843EC}.Debug|Any CPU.ActiveCfg = Debug|Any CPU
		{F35C6530-DD4C-4AFC-B12E-8B32FD6843EC}.Debug|Any CPU.Build.0 = Debug|Any CPU
		{F35C6530-DD4C-4AFC-B12E-8B32FD6843EC}.Release|Any CPU.ActiveCfg = Release|Any CPU
		{F35C6530-DD4C-4AFC-B12E-8B32FD6843EC}.Release|Any CPU.Build.0 = Release|Any CPU
		{FFA8354D-1317-49AE-B6F4-4CFAF4713666}.Debug|Any CPU.ActiveCfg = Debug|Any CPU
		{FFA8354D-1317-49AE-B6F4-4CFAF4713666}.Debug|Any CPU.Build.0 = Debug|Any CPU
		{FFA8354D-1317-49AE-B6F4-4CFAF4713666}.Release|Any CPU.ActiveCfg = Release|Any CPU
		{FFA8354D-1317-49AE-B6F4-4CFAF4713666}.Release|Any CPU.Build.0 = Release|Any CPU
		{FE2AFD03-760D-4C12-89B6-5CA5C320DBBC}.Debug|Any CPU.ActiveCfg = Debug|Any CPU
		{FE2AFD03-760D-4C12-89B6-5CA5C320DBBC}.Debug|Any CPU.Build.0 = Debug|Any CPU
		{FE2AFD03-760D-4C12-89B6-5CA5C320DBBC}.Release|Any CPU.ActiveCfg = Release|Any CPU
		{FE2AFD03-760D-4C12-89B6-5CA5C320DBBC}.Release|Any CPU.Build.0 = Release|Any CPU
		{8DCCC4D1-F021-43E1-8CCB-213B2FE8C39A}.Debug|Any CPU.ActiveCfg = Debug|Any CPU
		{8DCCC4D1-F021-43E1-8CCB-213B2FE8C39A}.Debug|Any CPU.Build.0 = Debug|Any CPU
		{8DCCC4D1-F021-43E1-8CCB-213B2FE8C39A}.Release|Any CPU.ActiveCfg = Release|Any CPU
		{8DCCC4D1-F021-43E1-8CCB-213B2FE8C39A}.Release|Any CPU.Build.0 = Release|Any CPU
		{F640278A-A021-4429-8841-73BE2C603BCD}.Debug|Any CPU.ActiveCfg = Debug|Any CPU
		{F640278A-A021-4429-8841-73BE2C603BCD}.Debug|Any CPU.Build.0 = Debug|Any CPU
		{F640278A-A021-4429-8841-73BE2C603BCD}.Release|Any CPU.ActiveCfg = Release|Any CPU
		{F640278A-A021-4429-8841-73BE2C603BCD}.Release|Any CPU.Build.0 = Release|Any CPU
		{A8DEDDF2-81FB-466D-8522-7A493349C9B8}.Debug|Any CPU.ActiveCfg = Debug|Any CPU
		{A8DEDDF2-81FB-466D-8522-7A493349C9B8}.Debug|Any CPU.Build.0 = Debug|Any CPU
		{A8DEDDF2-81FB-466D-8522-7A493349C9B8}.Release|Any CPU.ActiveCfg = Release|Any CPU
		{A8DEDDF2-81FB-466D-8522-7A493349C9B8}.Release|Any CPU.Build.0 = Release|Any CPU
		{E9E03866-69FF-4A70-A64B-E1056B1A9D16}.Debug|Any CPU.ActiveCfg = Debug|Any CPU
		{E9E03866-69FF-4A70-A64B-E1056B1A9D16}.Debug|Any CPU.Build.0 = Debug|Any CPU
		{E9E03866-69FF-4A70-A64B-E1056B1A9D16}.Release|Any CPU.ActiveCfg = Release|Any CPU
		{E9E03866-69FF-4A70-A64B-E1056B1A9D16}.Release|Any CPU.Build.0 = Release|Any CPU
		{F766AD48-6838-4ABE-9A49-263AE6C32FA9}.Debug|Any CPU.ActiveCfg = Debug|Any CPU
		{F766AD48-6838-4ABE-9A49-263AE6C32FA9}.Debug|Any CPU.Build.0 = Debug|Any CPU
		{F766AD48-6838-4ABE-9A49-263AE6C32FA9}.Release|Any CPU.ActiveCfg = Release|Any CPU
		{F766AD48-6838-4ABE-9A49-263AE6C32FA9}.Release|Any CPU.Build.0 = Release|Any CPU
		{C0C267E9-ACB1-4602-A9C6-8D832B2B6A8E}.Debug|Any CPU.ActiveCfg = Debug|Any CPU
		{C0C267E9-ACB1-4602-A9C6-8D832B2B6A8E}.Debug|Any CPU.Build.0 = Debug|Any CPU
		{C0C267E9-ACB1-4602-A9C6-8D832B2B6A8E}.Release|Any CPU.ActiveCfg = Release|Any CPU
		{C0C267E9-ACB1-4602-A9C6-8D832B2B6A8E}.Release|Any CPU.Build.0 = Release|Any CPU
		{ECFCF318-1ECD-4EA9-B513-176A7507D40B}.Debug|Any CPU.ActiveCfg = Debug|Any CPU
		{ECFCF318-1ECD-4EA9-B513-176A7507D40B}.Debug|Any CPU.Build.0 = Debug|Any CPU
		{ECFCF318-1ECD-4EA9-B513-176A7507D40B}.Release|Any CPU.ActiveCfg = Release|Any CPU
		{ECFCF318-1ECD-4EA9-B513-176A7507D40B}.Release|Any CPU.Build.0 = Release|Any CPU
		{E31D31A9-6F1A-4752-B6FA-80321C70E90D}.Debug|Any CPU.ActiveCfg = Debug|Any CPU
		{E31D31A9-6F1A-4752-B6FA-80321C70E90D}.Debug|Any CPU.Build.0 = Debug|Any CPU
		{E31D31A9-6F1A-4752-B6FA-80321C70E90D}.Release|Any CPU.ActiveCfg = Release|Any CPU
		{E31D31A9-6F1A-4752-B6FA-80321C70E90D}.Release|Any CPU.Build.0 = Release|Any CPU
		{891461C5-ADF5-48D4-B8AB-B50E058AC423}.Debug|Any CPU.ActiveCfg = Debug|Any CPU
		{891461C5-ADF5-48D4-B8AB-B50E058AC423}.Debug|Any CPU.Build.0 = Debug|Any CPU
		{891461C5-ADF5-48D4-B8AB-B50E058AC423}.Release|Any CPU.ActiveCfg = Release|Any CPU
		{891461C5-ADF5-48D4-B8AB-B50E058AC423}.Release|Any CPU.Build.0 = Release|Any CPU
		{C46B9E16-EC8A-4CEE-A30F-9E3ACE253315}.Debug|Any CPU.ActiveCfg = Debug|Any CPU
		{C46B9E16-EC8A-4CEE-A30F-9E3ACE253315}.Debug|Any CPU.Build.0 = Debug|Any CPU
		{C46B9E16-EC8A-4CEE-A30F-9E3ACE253315}.Release|Any CPU.ActiveCfg = Release|Any CPU
		{C46B9E16-EC8A-4CEE-A30F-9E3ACE253315}.Release|Any CPU.Build.0 = Release|Any CPU
		{777EDFB9-7606-41A0-AC8C-4418078A83DE}.Debug|Any CPU.ActiveCfg = Debug|Any CPU
		{777EDFB9-7606-41A0-AC8C-4418078A83DE}.Debug|Any CPU.Build.0 = Debug|Any CPU
		{777EDFB9-7606-41A0-AC8C-4418078A83DE}.Release|Any CPU.ActiveCfg = Release|Any CPU
		{777EDFB9-7606-41A0-AC8C-4418078A83DE}.Release|Any CPU.Build.0 = Release|Any CPU
		{8618404E-6A6C-4AF6-B854-BFF494E20347}.Debug|Any CPU.ActiveCfg = Debug|Any CPU
		{8618404E-6A6C-4AF6-B854-BFF494E20347}.Debug|Any CPU.Build.0 = Debug|Any CPU
		{8618404E-6A6C-4AF6-B854-BFF494E20347}.Release|Any CPU.ActiveCfg = Release|Any CPU
		{8618404E-6A6C-4AF6-B854-BFF494E20347}.Release|Any CPU.Build.0 = Release|Any CPU
		{485FF346-BC5D-494B-8A0F-29B8B0A61C01}.Debug|Any CPU.ActiveCfg = Debug|Any CPU
		{485FF346-BC5D-494B-8A0F-29B8B0A61C01}.Debug|Any CPU.Build.0 = Debug|Any CPU
		{485FF346-BC5D-494B-8A0F-29B8B0A61C01}.Release|Any CPU.ActiveCfg = Release|Any CPU
		{485FF346-BC5D-494B-8A0F-29B8B0A61C01}.Release|Any CPU.Build.0 = Release|Any CPU
		{3913A45F-C3F4-4A7A-B898-658F4D8DC1D3}.Debug|Any CPU.ActiveCfg = Debug|Any CPU
		{3913A45F-C3F4-4A7A-B898-658F4D8DC1D3}.Debug|Any CPU.Build.0 = Debug|Any CPU
		{3913A45F-C3F4-4A7A-B898-658F4D8DC1D3}.Release|Any CPU.ActiveCfg = Release|Any CPU
		{3913A45F-C3F4-4A7A-B898-658F4D8DC1D3}.Release|Any CPU.Build.0 = Release|Any CPU
		{9F1248C2-7C69-4A51-A409-CB9020713A11}.Debug|Any CPU.ActiveCfg = Debug|Any CPU
		{9F1248C2-7C69-4A51-A409-CB9020713A11}.Debug|Any CPU.Build.0 = Debug|Any CPU
		{9F1248C2-7C69-4A51-A409-CB9020713A11}.Release|Any CPU.ActiveCfg = Release|Any CPU
		{9F1248C2-7C69-4A51-A409-CB9020713A11}.Release|Any CPU.Build.0 = Release|Any CPU
	EndGlobalSection
	GlobalSection(NestedProjects) = preSolution
		{B4FA95CD-9DA5-4C73-9E85-B2B46D5AAC5E} = {1B2415B3-1E92-4387-A1C6-F12F21C7E4E3}
		{DF6FC198-2D44-467C-8471-19B26987186E} = {F1AE5F4E-BA38-44A9-BAEF-262E8C095003}
		{F2EC5EAA-7E2F-4682-9A3B-33F76E6F39DC} = {F1AE5F4E-BA38-44A9-BAEF-262E8C095003}
		{F35C6530-DD4C-4AFC-B12E-8B32FD6843EC} = {1B2415B3-1E92-4387-A1C6-F12F21C7E4E3}
		{FFA8354D-1317-49AE-B6F4-4CFAF4713666} = {1B2415B3-1E92-4387-A1C6-F12F21C7E4E3}
		{FE2AFD03-760D-4C12-89B6-5CA5C320DBBC} = {18AB91DF-CEDF-4FA2-915C-E54B8021C79D}
		{8DCCC4D1-F021-43E1-8CCB-213B2FE8C39A} = {18AB91DF-CEDF-4FA2-915C-E54B8021C79D}
		{F640278A-A021-4429-8841-73BE2C603BCD} = {18AB91DF-CEDF-4FA2-915C-E54B8021C79D}
		{AA06A7DD-3745-4C29-9327-D56B3C3FE4F5} = {54782406-F692-4D0C-9CFF-8557A24DDF07}
		{A8DEDDF2-81FB-466D-8522-7A493349C9B8} = {54782406-F692-4D0C-9CFF-8557A24DDF07}
		{E9E03866-69FF-4A70-A64B-E1056B1A9D16} = {54782406-F692-4D0C-9CFF-8557A24DDF07}
		{F766AD48-6838-4ABE-9A49-263AE6C32FA9} = {54782406-F692-4D0C-9CFF-8557A24DDF07}
		{C0C267E9-ACB1-4602-A9C6-8D832B2B6A8E} = {54782406-F692-4D0C-9CFF-8557A24DDF07}
		{ECFCF318-1ECD-4EA9-B513-176A7507D40B} = {18AB91DF-CEDF-4FA2-915C-E54B8021C79D}
		{E31D31A9-6F1A-4752-B6FA-80321C70E90D} = {18AB91DF-CEDF-4FA2-915C-E54B8021C79D}
		{891461C5-ADF5-48D4-B8AB-B50E058AC423} = {71651C83-ACFB-405A-9927-D0611E8C887C}
		{C46B9E16-EC8A-4CEE-A30F-9E3ACE253315} = {71651C83-ACFB-405A-9927-D0611E8C887C}
		{777EDFB9-7606-41A0-AC8C-4418078A83DE} = {71651C83-ACFB-405A-9927-D0611E8C887C}
		{8618404E-6A6C-4AF6-B854-BFF494E20347} = {18AB91DF-CEDF-4FA2-915C-E54B8021C79D}
		{485FF346-BC5D-494B-8A0F-29B8B0A61C01} = {18AB91DF-CEDF-4FA2-915C-E54B8021C79D}
		{3913A45F-C3F4-4A7A-B898-658F4D8DC1D3} = {1B2415B3-1E92-4387-A1C6-F12F21C7E4E3}
		{9F1248C2-7C69-4A51-A409-CB9020713A11} = {F644B09D-132A-4D7C-8A83-2E0D1F234E21}
	EndGlobalSection
EndGlobal
